
Microsoft Visual Studio Solution File, Format Version 12.00
# Visual Studio 2013
VisualStudioVersion = 12.0.31101.0
MinimumVisualStudioVersion = 10.0.40219.1
Project("{8BC9CEB8-8B4A-11D0-8D11-00A0C91BC942}") = "Прокопенко_К.Д.З_1", "Прокопенко_К.Д.З_1\Прокопенко_К.Д.З_1.vcxproj", "{BBCE645A-AADE-4BC4-B6B8-A7723D1DC880}"
EndProject
Global
	GlobalSection(SolutionConfigurationPlatforms) = preSolution
		Debug|Win32 = Debug|Win32
		Release|Win32 = Release|Win32
	EndGlobalSection
	GlobalSection(ProjectConfigurationPlatforms) = postSolution
		{BBCE645A-AADE-4BC4-B6B8-A7723D1DC880}.Debug|Win32.ActiveCfg = Debug|Win32
		{BBCE645A-AADE-4BC4-B6B8-A7723D1DC880}.Debug|Win32.Build.0 = Debug|Win32
		{BBCE645A-AADE-4BC4-B6B8-A7723D1DC880}.Release|Win32.ActiveCfg = Release|Win32
		{BBCE645A-AADE-4BC4-B6B8-A7723D1DC880}.Release|Win32.Build.0 = Release|Win32
	EndGlobalSection
	GlobalSection(SolutionProperties) = preSolution
		HideSolutionNode = FALSE
	EndGlobalSection
EndGlobal
